
Microsoft Visual Studio Solution File, Format Version 12.00
# Visual Studio Version 17
VisualStudioVersion = 17.14.36221.1 d17.14
MinimumVisualStudioVersion = 10.0.40219.1
Project("{FAE04EC0-301F-11D3-BF4B-00C04F79EFBC}") = "Dumdum_Act9", "Dumdum_Act9\Dumdum_Act9.csproj", "{EFA28ABF-3E60-4208-ABFA-6B0AA78F664A}"
EndProject
Global
	GlobalSection(SolutionConfigurationPlatforms) = preSolution
		Debug|Any CPU = Debug|Any CPU
		Release|Any CPU = Release|Any CPU
	EndGlobalSection
	GlobalSection(ProjectConfigurationPlatforms) = postSolution
		{EFA28ABF-3E60-4208-ABFA-6B0AA78F664A}.Debug|Any CPU.ActiveCfg = Debug|Any CPU
		{EFA28ABF-3E60-4208-ABFA-6B0AA78F664A}.Debug|Any CPU.Build.0 = Debug|Any CPU
		{EFA28ABF-3E60-4208-ABFA-6B0AA78F664A}.Release|Any CPU.ActiveCfg = Release|Any CPU
		{EFA28ABF-3E60-4208-ABFA-6B0AA78F664A}.Release|Any CPU.Build.0 = Release|Any CPU
	EndGlobalSection
	GlobalSection(SolutionProperties) = preSolution
		HideSolutionNode = FALSE
	EndGlobalSection
	GlobalSection(ExtensibilityGlobals) = postSolution
		SolutionGuid = {5F94A958-D309-4434-81B7-CC20E5135710}
	EndGlobalSection
EndGlobal
